
Microsoft Visual Studio Solution File, Format Version 12.00
# Visual Studio 15
VisualStudioVersion = 15.0.27703.2047
MinimumVisualStudioVersion = 10.0.40219.1
Project("{FAE04EC0-301F-11D3-BF4B-00C04F79EFBC}") = "LoanMarket", "LoanMarket\LoanMarket.csproj", "{90F3E3E1-FDAE-4BE4-B39B-3742465ABD46}"
EndProject
Project("{FAE04EC0-301F-11D3-BF4B-00C04F79EFBC}") = "AopSdk", "alipay-sdk-NET20170615110549\AopSdk.csproj", "{9C11CAE5-5188-4E71-825B-68FC3135728A}"
EndProject
Global
	GlobalSection(SolutionConfigurationPlatforms) = preSolution
		Debug|Any CPU = Debug|Any CPU
		Release|Any CPU = Release|Any CPU
	EndGlobalSection
	GlobalSection(ProjectConfigurationPlatforms) = postSolution
		{90F3E3E1-FDAE-4BE4-B39B-3742465ABD46}.Debug|Any CPU.ActiveCfg = Debug|Any CPU
		{90F3E3E1-FDAE-4BE4-B39B-3742465ABD46}.Debug|Any CPU.Build.0 = Debug|Any CPU
		{90F3E3E1-FDAE-4BE4-B39B-3742465ABD46}.Release|Any CPU.ActiveCfg = Release|Any CPU
		{90F3E3E1-FDAE-4BE4-B39B-3742465ABD46}.Release|Any CPU.Build.0 = Release|Any CPU
		{9C11CAE5-5188-4E71-825B-68FC3135728A}.Debug|Any CPU.ActiveCfg = Debug|Any CPU
		{9C11CAE5-5188-4E71-825B-68FC3135728A}.Debug|Any CPU.Build.0 = Debug|Any CPU
		{9C11CAE5-5188-4E71-825B-68FC3135728A}.Release|Any CPU.ActiveCfg = Release|Any CPU
		{9C11CAE5-5188-4E71-825B-68FC3135728A}.Release|Any CPU.Build.0 = Release|Any CPU
	EndGlobalSection
	GlobalSection(SolutionProperties) = preSolution
		HideSolutionNode = FALSE
	EndGlobalSection
	GlobalSection(ExtensibilityGlobals) = postSolution
		SolutionGuid = {7F595369-E797-449A-803F-B3DE1405A4F7}
	EndGlobalSection
EndGlobal
